
Microsoft Visual Studio Solution File, Format Version 12.00
# Visual Studio 15
VisualStudioVersion = 15.0.26228.9
MinimumVisualStudioVersion = 10.0.40219.1
Project("{FAE04EC0-301F-11D3-BF4B-00C04F79EFBC}") = "ArktinMonitor.ConsoleClient", "ArktinMonitor.ConsoleClient\ArktinMonitor.ConsoleClient.csproj", "{4D08606B-27B2-4BB3-BD92-37E1E393ED88}"
EndProject
Project("{FAE04EC0-301F-11D3-BF4B-00C04F79EFBC}") = "ArktinMonitor.Models", "ArktinMonitor.Models\ArktinMonitor.Models.csproj", "{2C7A4512-1A9B-40A8-9653-D11FD8AC5247}"
EndProject
Project("{FAE04EC0-301F-11D3-BF4B-00C04F79EFBC}") = "ArktinMonitor.WebApp", "ArktinMonitor.WebApp\ArktinMonitor.WebApp.csproj", "{1EE0A5E6-6ED3-4A29-BB87-E43FB1A62BE9}"
EndProject
Global
	GlobalSection(SolutionConfigurationPlatforms) = preSolution
		Debug|Any CPU = Debug|Any CPU
		Release|Any CPU = Release|Any CPU
	EndGlobalSection
	GlobalSection(ProjectConfigurationPlatforms) = postSolution
		{4D08606B-27B2-4BB3-BD92-37E1E393ED88}.Debug|Any CPU.ActiveCfg = Debug|Any CPU
		{4D08606B-27B2-4BB3-BD92-37E1E393ED88}.Debug|Any CPU.Build.0 = Debug|Any CPU
		{4D08606B-27B2-4BB3-BD92-37E1E393ED88}.Release|Any CPU.ActiveCfg = Release|Any CPU
		{4D08606B-27B2-4BB3-BD92-37E1E393ED88}.Release|Any CPU.Build.0 = Release|Any CPU
		{2C7A4512-1A9B-40A8-9653-D11FD8AC5247}.Debug|Any CPU.ActiveCfg = Debug|Any CPU
		{2C7A4512-1A9B-40A8-9653-D11FD8AC5247}.Debug|Any CPU.Build.0 = Debug|Any CPU
		{2C7A4512-1A9B-40A8-9653-D11FD8AC5247}.Release|Any CPU.ActiveCfg = Release|Any CPU
		{2C7A4512-1A9B-40A8-9653-D11FD8AC5247}.Release|Any CPU.Build.0 = Release|Any CPU
		{1EE0A5E6-6ED3-4A29-BB87-E43FB1A62BE9}.Debug|Any CPU.ActiveCfg = Debug|Any CPU
		{1EE0A5E6-6ED3-4A29-BB87-E43FB1A62BE9}.Debug|Any CPU.Build.0 = Debug|Any CPU
		{1EE0A5E6-6ED3-4A29-BB87-E43FB1A62BE9}.Release|Any CPU.ActiveCfg = Release|Any CPU
		{1EE0A5E6-6ED3-4A29-BB87-E43FB1A62BE9}.Release|Any CPU.Build.0 = Release|Any CPU
	EndGlobalSection
	GlobalSection(SolutionProperties) = preSolution
		HideSolutionNode = FALSE
	EndGlobalSection
EndGlobal
